
Microsoft Visual Studio Solution File, Format Version 12.00
Project("{FAE04EC0-301F-11D3-BF4B-00C04F79EFBC}") = "Minesweeper", "Minesweeper\Minesweeper.csproj", "{190D2BCB-3370-444D-B911-E0CC2BFC615A}"
EndProject
Project("{FAE04EC0-301F-11D3-BF4B-00C04F79EFBC}") = "MinesweeperTests", "MinesweeperTests\MinesweeperTests.csproj", "{150195C4-0644-49AE-8F45-C4D378EB2837}"
EndProject
Global
	GlobalSection(SolutionConfigurationPlatforms) = preSolution
		Debug|Any CPU = Debug|Any CPU
		Release|Any CPU = Release|Any CPU
	EndGlobalSection
	GlobalSection(ProjectConfigurationPlatforms) = postSolution
		{190D2BCB-3370-444D-B911-E0CC2BFC615A}.Debug|Any CPU.ActiveCfg = Debug|Any CPU
		{190D2BCB-3370-444D-B911-E0CC2BFC615A}.Debug|Any CPU.Build.0 = Debug|Any CPU
		{190D2BCB-3370-444D-B911-E0CC2BFC615A}.Release|Any CPU.ActiveCfg = Release|Any CPU
		{190D2BCB-3370-444D-B911-E0CC2BFC615A}.Release|Any CPU.Build.0 = Release|Any CPU
		{150195C4-0644-49AE-8F45-C4D378EB2837}.Debug|Any CPU.ActiveCfg = Debug|Any CPU
		{150195C4-0644-49AE-8F45-C4D378EB2837}.Debug|Any CPU.Build.0 = Debug|Any CPU
		{150195C4-0644-49AE-8F45-C4D378EB2837}.Release|Any CPU.ActiveCfg = Release|Any CPU
		{150195C4-0644-49AE-8F45-C4D378EB2837}.Release|Any CPU.Build.0 = Release|Any CPU
	EndGlobalSection
EndGlobal
